
Microsoft Visual Studio Solution File, Format Version 12.00
# Visual Studio Version 17
VisualStudioVersion = 17.1.32228.430
MinimumVisualStudioVersion = 10.0.40219.1
Project("{FAE04EC0-301F-11D3-BF4B-00C04F79EFBC}") = "LastNameUC2", "LastNameUC2\LastNameUC2.csproj", "{54513801-7D98-4F89-8E4F-C899CA175CAB}"
EndProject
Global
	GlobalSection(SolutionConfigurationPlatforms) = preSolution
		Debug|Any CPU = Debug|Any CPU
		Release|Any CPU = Release|Any CPU
	EndGlobalSection
	GlobalSection(ProjectConfigurationPlatforms) = postSolution
		{54513801-7D98-4F89-8E4F-C899CA175CAB}.Debug|Any CPU.ActiveCfg = Debug|Any CPU
		{54513801-7D98-4F89-8E4F-C899CA175CAB}.Debug|Any CPU.Build.0 = Debug|Any CPU
		{54513801-7D98-4F89-8E4F-C899CA175CAB}.Release|Any CPU.ActiveCfg = Release|Any CPU
		{54513801-7D98-4F89-8E4F-C899CA175CAB}.Release|Any CPU.Build.0 = Release|Any CPU
	EndGlobalSection
	GlobalSection(SolutionProperties) = preSolution
		HideSolutionNode = FALSE
	EndGlobalSection
	GlobalSection(ExtensibilityGlobals) = postSolution
		SolutionGuid = {9D47DF7C-BC85-4967-8481-6F76F32921C4}
	EndGlobalSection
EndGlobal
