
Microsoft Visual Studio Solution File, Format Version 12.00
# Visual Studio Version 17
VisualStudioVersion = 17.1.32228.430
MinimumVisualStudioVersion = 10.0.40219.1
Project("{9A19103F-16F7-4668-BE54-9A1E7A4F7556}") = "MoodAnalyserUC3", "MoodAnalyserUC2\MoodAnalyserUC3.csproj", "{A767C5B4-35DA-4EDA-8F57-C3F188686004}"
EndProject
Global
	GlobalSection(SolutionConfigurationPlatforms) = preSolution
		Debug|Any CPU = Debug|Any CPU
		Release|Any CPU = Release|Any CPU
	EndGlobalSection
	GlobalSection(ProjectConfigurationPlatforms) = postSolution
		{A767C5B4-35DA-4EDA-8F57-C3F188686004}.Debug|Any CPU.ActiveCfg = Debug|Any CPU
		{A767C5B4-35DA-4EDA-8F57-C3F188686004}.Debug|Any CPU.Build.0 = Debug|Any CPU
		{A767C5B4-35DA-4EDA-8F57-C3F188686004}.Release|Any CPU.ActiveCfg = Release|Any CPU
		{A767C5B4-35DA-4EDA-8F57-C3F188686004}.Release|Any CPU.Build.0 = Release|Any CPU
	EndGlobalSection
	GlobalSection(SolutionProperties) = preSolution
		HideSolutionNode = FALSE
	EndGlobalSection
	GlobalSection(ExtensibilityGlobals) = postSolution
		SolutionGuid = {25C8A84B-1CC9-4B34-B10F-AAF1D4A3BA66}
	EndGlobalSection
EndGlobal
